
Microsoft Visual Studio Solution File, Format Version 12.00
# Visual Studio 15
VisualStudioVersion = 15.0.28307.168
MinimumVisualStudioVersion = 10.0.40219.1
Project("{FAE04EC0-301F-11D3-BF4B-00C04F79EFBC}") = "Detyra21", "Detyra21\Detyra21.csproj", "{AF736CB6-2165-4267-AE24-FF7FAAB711A9}"
EndProject
Global
	GlobalSection(SolutionConfigurationPlatforms) = preSolution
		Debug|Any CPU = Debug|Any CPU
		Release|Any CPU = Release|Any CPU
	EndGlobalSection
	GlobalSection(ProjectConfigurationPlatforms) = postSolution
		{AF736CB6-2165-4267-AE24-FF7FAAB711A9}.Debug|Any CPU.ActiveCfg = Debug|Any CPU
		{AF736CB6-2165-4267-AE24-FF7FAAB711A9}.Debug|Any CPU.Build.0 = Debug|Any CPU
		{AF736CB6-2165-4267-AE24-FF7FAAB711A9}.Release|Any CPU.ActiveCfg = Release|Any CPU
		{AF736CB6-2165-4267-AE24-FF7FAAB711A9}.Release|Any CPU.Build.0 = Release|Any CPU
	EndGlobalSection
	GlobalSection(SolutionProperties) = preSolution
		HideSolutionNode = FALSE
	EndGlobalSection
	GlobalSection(ExtensibilityGlobals) = postSolution
		SolutionGuid = {5CA67964-200D-4006-9856-E82B0DCBB2DC}
	EndGlobalSection
EndGlobal
